
Microsoft Visual Studio Solution File, Format Version 12.00
# Visual Studio 2012
Project("{FAE04EC0-301F-11D3-BF4B-00C04F79EFBC}") = "BehaviorTree", "BehaviorTree.csproj", "{D0BCA2A4-D2B1-4EDE-88E5-D535922BACCF}"
EndProject
Project("{2150E333-8FDC-42A3-9474-1A3956D46DE8}") = "Solution Items", "Solution Items", "{C926822E-AB99-4F94-9EE1-D8E9F2A9DE23}"
	ProjectSection(SolutionItems) = preProject
		LICENSE = LICENSE
		README.md = README.md
		.gitignore = .gitignore
	EndProjectSection
EndProject
Project("{FAE04EC0-301F-11D3-BF4B-00C04F79EFBC}") = "ConsoleHost", "ConsoleHost\ConsoleHost.csproj", "{832FB666-119B-4FFD-A816-E3CC0E50D8A9}"
EndProject
Global
	GlobalSection(SolutionConfigurationPlatforms) = preSolution
		Debug|Any CPU = Debug|Any CPU
		Release|Any CPU = Release|Any CPU
	EndGlobalSection
	GlobalSection(ProjectConfigurationPlatforms) = postSolution
		{D0BCA2A4-D2B1-4EDE-88E5-D535922BACCF}.Debug|Any CPU.ActiveCfg = Debug|Any CPU
		{D0BCA2A4-D2B1-4EDE-88E5-D535922BACCF}.Debug|Any CPU.Build.0 = Debug|Any CPU
		{D0BCA2A4-D2B1-4EDE-88E5-D535922BACCF}.Release|Any CPU.ActiveCfg = Release|Any CPU
		{D0BCA2A4-D2B1-4EDE-88E5-D535922BACCF}.Release|Any CPU.Build.0 = Release|Any CPU
		{832FB666-119B-4FFD-A816-E3CC0E50D8A9}.Debug|Any CPU.ActiveCfg = Debug|Any CPU
		{832FB666-119B-4FFD-A816-E3CC0E50D8A9}.Debug|Any CPU.Build.0 = Debug|Any CPU
		{832FB666-119B-4FFD-A816-E3CC0E50D8A9}.Release|Any CPU.ActiveCfg = Release|Any CPU
		{832FB666-119B-4FFD-A816-E3CC0E50D8A9}.Release|Any CPU.Build.0 = Release|Any CPU
	EndGlobalSection
EndGlobal
